
Microsoft Visual Studio Solution File, Format Version 12.00
# Visual Studio Version 17
VisualStudioVersion = 17.3.32819.101
MinimumVisualStudioVersion = 10.0.40219.1
Project("{FAE04EC0-301F-11D3-BF4B-00C04F79EFBC}") = "String Utilities_8.2", "String Utilities_8.2\String Utilities_8.2.csproj", "{D8229243-7242-4626-9310-D461B0953FBD}"
EndProject
Global
	GlobalSection(SolutionConfigurationPlatforms) = preSolution
		Debug|Any CPU = Debug|Any CPU
		Release|Any CPU = Release|Any CPU
	EndGlobalSection
	GlobalSection(ProjectConfigurationPlatforms) = postSolution
		{D8229243-7242-4626-9310-D461B0953FBD}.Debug|Any CPU.ActiveCfg = Debug|Any CPU
		{D8229243-7242-4626-9310-D461B0953FBD}.Debug|Any CPU.Build.0 = Debug|Any CPU
		{D8229243-7242-4626-9310-D461B0953FBD}.Release|Any CPU.ActiveCfg = Release|Any CPU
		{D8229243-7242-4626-9310-D461B0953FBD}.Release|Any CPU.Build.0 = Release|Any CPU
	EndGlobalSection
	GlobalSection(SolutionProperties) = preSolution
		HideSolutionNode = FALSE
	EndGlobalSection
	GlobalSection(ExtensibilityGlobals) = postSolution
		SolutionGuid = {48BE3ADA-1E02-45C6-BD54-22E6D6C243D1}
	EndGlobalSection
EndGlobal
